
Microsoft Visual Studio Solution File, Format Version 12.00
Project("{FAE04EC0-301F-11D3-BF4B-00C04F79EFBC}") = "bic-fhtw-discord-bot", "bic-fhtw-discord-bot.csproj", "{8233EEA3-0568-4BB9-ACA0-C9013E6CC35F}"
EndProject
Global
	GlobalSection(SolutionConfigurationPlatforms) = preSolution
		Debug|Any CPU = Debug|Any CPU
		Release|Any CPU = Release|Any CPU
	EndGlobalSection
	GlobalSection(ProjectConfigurationPlatforms) = postSolution
		{8233EEA3-0568-4BB9-ACA0-C9013E6CC35F}.Debug|Any CPU.ActiveCfg = Debug|Any CPU
		{8233EEA3-0568-4BB9-ACA0-C9013E6CC35F}.Debug|Any CPU.Build.0 = Debug|Any CPU
		{8233EEA3-0568-4BB9-ACA0-C9013E6CC35F}.Release|Any CPU.ActiveCfg = Release|Any CPU
		{8233EEA3-0568-4BB9-ACA0-C9013E6CC35F}.Release|Any CPU.Build.0 = Release|Any CPU
	EndGlobalSection
EndGlobal
