Microsoft Visual Studio Solution File, Format Version 12.00
Project("{FAE04EC0-301F-11D3-BF4B-00C04F79EFBC}") = "FHTW.WebApp", "FHTW.WebApp\FHTW.WebApp.csproj", "{6F533030-15CE-4863-812A-E122E93628B2}"
EndProject
Project("{FAE04EC0-301F-11D3-BF4B-00C04F79EFBC}") = "FHTW.DiscordBot", "FHTW.DiscordBot\FHTW.DiscordBot.csproj", "{7310C305-7FDA-404E-9622-00EAE0183351}"
EndProject
Project("{FAE04EC0-301F-11D3-BF4B-00C04F79EFBC}") = "FHTW.Database", "FHTW.Database\FHTW.Database.csproj", "{DEE464D0-B87F-4BF6-B09C-453AB590DB97}"
EndProject
Project("{FAE04EC0-301F-11D3-BF4B-00C04F79EFBC}") = "FHTW.Shared", "FHTW.Shared\FHTW.Shared.csproj", "{DA459593-FE7B-4BFF-9CEB-FE90DD92E387}"
EndProject
Project("{FAE04EC0-301F-11D3-BF4B-00C04F79EFBC}") = "FHTW.WebClient", "FHTW.WebClient\FHTW.WebClient.csproj", "{47A30910-2C2A-4DF5-84D1-F5CBF5153189}"
EndProject
Project("{FAE04EC0-301F-11D3-BF4B-00C04F79EFBC}") = "FHTW.Scraper", "FHTW.Scraper\FHTW.Scraper.csproj", "{05C832DF-7144-4ED5-9ED9-54316F447434}"
EndProject
Project("{FAE04EC0-301F-11D3-BF4B-00C04F79EFBC}") = "FHTW.ThirdParty", "FHTW.ThirdParty\FHTW.ThirdParty.csproj", "{72E2A896-F6A2-4A7A-BA8A-42436D1DAE47}"
EndProject
Global
	GlobalSection(SolutionConfigurationPlatforms) = preSolution
		Debug|Any CPU = Debug|Any CPU
		Release|Any CPU = Release|Any CPU
	EndGlobalSection
	GlobalSection(ProjectConfigurationPlatforms) = postSolution
		{6F533030-15CE-4863-812A-E122E93628B2}.Debug|Any CPU.ActiveCfg = Debug|Any CPU
		{6F533030-15CE-4863-812A-E122E93628B2}.Debug|Any CPU.Build.0 = Debug|Any CPU
		{6F533030-15CE-4863-812A-E122E93628B2}.Release|Any CPU.ActiveCfg = Release|Any CPU
		{6F533030-15CE-4863-812A-E122E93628B2}.Release|Any CPU.Build.0 = Release|Any CPU
		{7310C305-7FDA-404E-9622-00EAE0183351}.Debug|Any CPU.ActiveCfg = Debug|Any CPU
		{7310C305-7FDA-404E-9622-00EAE0183351}.Debug|Any CPU.Build.0 = Debug|Any CPU
		{7310C305-7FDA-404E-9622-00EAE0183351}.Release|Any CPU.ActiveCfg = Release|Any CPU
		{7310C305-7FDA-404E-9622-00EAE0183351}.Release|Any CPU.Build.0 = Release|Any CPU
		{DEE464D0-B87F-4BF6-B09C-453AB590DB97}.Debug|Any CPU.ActiveCfg = Debug|Any CPU
		{DEE464D0-B87F-4BF6-B09C-453AB590DB97}.Debug|Any CPU.Build.0 = Debug|Any CPU
		{DEE464D0-B87F-4BF6-B09C-453AB590DB97}.Release|Any CPU.ActiveCfg = Release|Any CPU
		{DEE464D0-B87F-4BF6-B09C-453AB590DB97}.Release|Any CPU.Build.0 = Release|Any CPU
		{DA459593-FE7B-4BFF-9CEB-FE90DD92E387}.Debug|Any CPU.ActiveCfg = Debug|Any CPU
		{DA459593-FE7B-4BFF-9CEB-FE90DD92E387}.Debug|Any CPU.Build.0 = Debug|Any CPU
		{DA459593-FE7B-4BFF-9CEB-FE90DD92E387}.Release|Any CPU.ActiveCfg = Release|Any CPU
		{DA459593-FE7B-4BFF-9CEB-FE90DD92E387}.Release|Any CPU.Build.0 = Release|Any CPU
		{47A30910-2C2A-4DF5-84D1-F5CBF5153189}.Debug|Any CPU.ActiveCfg = Debug|Any CPU
		{47A30910-2C2A-4DF5-84D1-F5CBF5153189}.Debug|Any CPU.Build.0 = Debug|Any CPU
		{47A30910-2C2A-4DF5-84D1-F5CBF5153189}.Release|Any CPU.ActiveCfg = Release|Any CPU
		{47A30910-2C2A-4DF5-84D1-F5CBF5153189}.Release|Any CPU.Build.0 = Release|Any CPU
		{05C832DF-7144-4ED5-9ED9-54316F447434}.Debug|Any CPU.ActiveCfg = Debug|Any CPU
		{05C832DF-7144-4ED5-9ED9-54316F447434}.Debug|Any CPU.Build.0 = Debug|Any CPU
		{05C832DF-7144-4ED5-9ED9-54316F447434}.Release|Any CPU.ActiveCfg = Release|Any CPU
		{05C832DF-7144-4ED5-9ED9-54316F447434}.Release|Any CPU.Build.0 = Release|Any CPU
		{72E2A896-F6A2-4A7A-BA8A-42436D1DAE47}.Debug|Any CPU.ActiveCfg = Debug|Any CPU
		{72E2A896-F6A2-4A7A-BA8A-42436D1DAE47}.Debug|Any CPU.Build.0 = Debug|Any CPU
		{72E2A896-F6A2-4A7A-BA8A-42436D1DAE47}.Release|Any CPU.ActiveCfg = Release|Any CPU
		{72E2A896-F6A2-4A7A-BA8A-42436D1DAE47}.Release|Any CPU.Build.0 = Release|Any CPU
	EndGlobalSection
EndGlobal
